
Microsoft Visual Studio Solution File, Format Version 12.00
# Visual Studio Version 16
VisualStudioVersion = 16.0.30621.155
MinimumVisualStudioVersion = 15.0.26124.0
Project("{2150E333-8FDC-42A3-9474-1A3956D46DE8}") = "src", "src", "{E8D2C0ED-7257-4FA7-9DCB-2D4B8D855FAB}"
EndProject
Project("{6EC3EE1D-3C4E-46DD-8F32-0CC8E7565705}") = "Equal", "src\Equal\Equal.fsproj", "{C516768E-3C32-4737-9349-83894A26F4B9}"
EndProject
Project("{2150E333-8FDC-42A3-9474-1A3956D46DE8}") = "Solution Items", "Solution Items", "{50A4DC41-2744-4263-A899-795B58BDB0D9}"
	ProjectSection(SolutionItems) = preProject
		license.md = license.md
		paket.dependencies = paket.dependencies
		paket.lock = paket.lock
	EndProjectSection
EndProject
Project("{2150E333-8FDC-42A3-9474-1A3956D46DE8}") = ".config", ".config", "{4C944312-5D8F-41DC-99DE-695D617CFB96}"
	ProjectSection(SolutionItems) = preProject
		.config\dotnet-tools.json = .config\dotnet-tools.json
	EndProjectSection
EndProject
Project("{2150E333-8FDC-42A3-9474-1A3956D46DE8}") = ".paket", ".paket", "{02F43AE2-C30C-4106-99D7-135F4A3C6307}"
	ProjectSection(SolutionItems) = preProject
		.paket\Paket.Restore.targets = .paket\Paket.Restore.targets
	EndProjectSection
EndProject
Project("{2150E333-8FDC-42A3-9474-1A3956D46DE8}") = "tests", "tests", "{A2F79D0F-949F-4239-8EE9-068FEC28786B}"
EndProject
Project("{6EC3EE1D-3C4E-46DD-8F32-0CC8E7565705}") = "Equal.Tests", "tests\Equal.Tests\Equal.Tests.fsproj", "{0E39DE0B-067D-4477-80BB-548CFC6F7B4A}"
EndProject
Global
	GlobalSection(SolutionConfigurationPlatforms) = preSolution
		Debug|Any CPU = Debug|Any CPU
		Debug|x64 = Debug|x64
		Debug|x86 = Debug|x86
		Release|Any CPU = Release|Any CPU
		Release|x64 = Release|x64
		Release|x86 = Release|x86
	EndGlobalSection
	GlobalSection(ProjectConfigurationPlatforms) = postSolution
		{C516768E-3C32-4737-9349-83894A26F4B9}.Debug|Any CPU.ActiveCfg = Debug|Any CPU
		{C516768E-3C32-4737-9349-83894A26F4B9}.Debug|Any CPU.Build.0 = Debug|Any CPU
		{C516768E-3C32-4737-9349-83894A26F4B9}.Debug|x64.ActiveCfg = Debug|Any CPU
		{C516768E-3C32-4737-9349-83894A26F4B9}.Debug|x64.Build.0 = Debug|Any CPU
		{C516768E-3C32-4737-9349-83894A26F4B9}.Debug|x86.ActiveCfg = Debug|Any CPU
		{C516768E-3C32-4737-9349-83894A26F4B9}.Debug|x86.Build.0 = Debug|Any CPU
		{C516768E-3C32-4737-9349-83894A26F4B9}.Release|Any CPU.ActiveCfg = Release|Any CPU
		{C516768E-3C32-4737-9349-83894A26F4B9}.Release|Any CPU.Build.0 = Release|Any CPU
		{C516768E-3C32-4737-9349-83894A26F4B9}.Release|x64.ActiveCfg = Release|Any CPU
		{C516768E-3C32-4737-9349-83894A26F4B9}.Release|x64.Build.0 = Release|Any CPU
		{C516768E-3C32-4737-9349-83894A26F4B9}.Release|x86.ActiveCfg = Release|Any CPU
		{C516768E-3C32-4737-9349-83894A26F4B9}.Release|x86.Build.0 = Release|Any CPU
		{0E39DE0B-067D-4477-80BB-548CFC6F7B4A}.Debug|Any CPU.ActiveCfg = Debug|Any CPU
		{0E39DE0B-067D-4477-80BB-548CFC6F7B4A}.Debug|Any CPU.Build.0 = Debug|Any CPU
		{0E39DE0B-067D-4477-80BB-548CFC6F7B4A}.Debug|x64.ActiveCfg = Debug|Any CPU
		{0E39DE0B-067D-4477-80BB-548CFC6F7B4A}.Debug|x64.Build.0 = Debug|Any CPU
		{0E39DE0B-067D-4477-80BB-548CFC6F7B4A}.Debug|x86.ActiveCfg = Debug|Any CPU
		{0E39DE0B-067D-4477-80BB-548CFC6F7B4A}.Debug|x86.Build.0 = Debug|Any CPU
		{0E39DE0B-067D-4477-80BB-548CFC6F7B4A}.Release|Any CPU.ActiveCfg = Release|Any CPU
		{0E39DE0B-067D-4477-80BB-548CFC6F7B4A}.Release|Any CPU.Build.0 = Release|Any CPU
		{0E39DE0B-067D-4477-80BB-548CFC6F7B4A}.Release|x64.ActiveCfg = Release|Any CPU
		{0E39DE0B-067D-4477-80BB-548CFC6F7B4A}.Release|x64.Build.0 = Release|Any CPU
		{0E39DE0B-067D-4477-80BB-548CFC6F7B4A}.Release|x86.ActiveCfg = Release|Any CPU
		{0E39DE0B-067D-4477-80BB-548CFC6F7B4A}.Release|x86.Build.0 = Release|Any CPU
	EndGlobalSection
	GlobalSection(SolutionProperties) = preSolution
		HideSolutionNode = FALSE
	EndGlobalSection
	GlobalSection(NestedProjects) = preSolution
		{C516768E-3C32-4737-9349-83894A26F4B9} = {E8D2C0ED-7257-4FA7-9DCB-2D4B8D855FAB}
		{0E39DE0B-067D-4477-80BB-548CFC6F7B4A} = {A2F79D0F-949F-4239-8EE9-068FEC28786B}
	EndGlobalSection
	GlobalSection(ExtensibilityGlobals) = postSolution
		SolutionGuid = {AE54D1A6-13EB-42DD-9845-811111B10AAC}
	EndGlobalSection
EndGlobal
